
Microsoft Visual Studio Solution File, Format Version 12.00
# Visual Studio Version 17
VisualStudioVersion = 17.3.32922.545
MinimumVisualStudioVersion = 10.0.40219.1
Project("{FAE04EC0-301F-11D3-BF4B-00C04F79EFBC}") = "OlikaTyperAvTyper", "OlikaTyperAvTyper\OlikaTyperAvTyper.csproj", "{4B9B2A33-7147-480C-96FB-581FA2B8DA6D}"
EndProject
Global
	GlobalSection(SolutionConfigurationPlatforms) = preSolution
		Debug|Any CPU = Debug|Any CPU
		Release|Any CPU = Release|Any CPU
	EndGlobalSection
	GlobalSection(ProjectConfigurationPlatforms) = postSolution
		{4B9B2A33-7147-480C-96FB-581FA2B8DA6D}.Debug|Any CPU.ActiveCfg = Debug|Any CPU
		{4B9B2A33-7147-480C-96FB-581FA2B8DA6D}.Debug|Any CPU.Build.0 = Debug|Any CPU
		{4B9B2A33-7147-480C-96FB-581FA2B8DA6D}.Release|Any CPU.ActiveCfg = Release|Any CPU
		{4B9B2A33-7147-480C-96FB-581FA2B8DA6D}.Release|Any CPU.Build.0 = Release|Any CPU
	EndGlobalSection
	GlobalSection(SolutionProperties) = preSolution
		HideSolutionNode = FALSE
	EndGlobalSection
	GlobalSection(ExtensibilityGlobals) = postSolution
		SolutionGuid = {E91910E6-EB19-4DD4-9CB3-C495D2189A90}
	EndGlobalSection
EndGlobal
