
Microsoft Visual Studio Solution File, Format Version 12.00
# Visual Studio Version 17
VisualStudioVersion = 17.3.32929.385
MinimumVisualStudioVersion = 10.0.40219.1
Project("{FAE04EC0-301F-11D3-BF4B-00C04F79EFBC}") = "RepetitionInterfacesCLO22", "RepetitionInterfacesCLO22\RepetitionInterfacesCLO22.csproj", "{34BB0781-04AA-4C48-8EC4-939EE994D92F}"
EndProject
Global
	GlobalSection(SolutionConfigurationPlatforms) = preSolution
		Debug|Any CPU = Debug|Any CPU
		Release|Any CPU = Release|Any CPU
	EndGlobalSection
	GlobalSection(ProjectConfigurationPlatforms) = postSolution
		{34BB0781-04AA-4C48-8EC4-939EE994D92F}.Debug|Any CPU.ActiveCfg = Debug|Any CPU
		{34BB0781-04AA-4C48-8EC4-939EE994D92F}.Debug|Any CPU.Build.0 = Debug|Any CPU
		{34BB0781-04AA-4C48-8EC4-939EE994D92F}.Release|Any CPU.ActiveCfg = Release|Any CPU
		{34BB0781-04AA-4C48-8EC4-939EE994D92F}.Release|Any CPU.Build.0 = Release|Any CPU
	EndGlobalSection
	GlobalSection(SolutionProperties) = preSolution
		HideSolutionNode = FALSE
	EndGlobalSection
	GlobalSection(ExtensibilityGlobals) = postSolution
		SolutionGuid = {EDFE45CC-8506-43C1-B593-F4EC9BBBF365}
	EndGlobalSection
EndGlobal
