
Microsoft Visual Studio Solution File, Format Version 12.00
# Visual Studio Version 17
VisualStudioVersion = 17.3.32825.248
MinimumVisualStudioVersion = 10.0.40219.1
Project("{FAE04EC0-301F-11D3-BF4B-00C04F79EFBC}") = "DateTImeForTheWin", "DateTImeForTheWin\DateTImeForTheWin.csproj", "{906B22C0-3798-4B68-AA0C-9D10412E21B8}"
EndProject
Global
	GlobalSection(SolutionConfigurationPlatforms) = preSolution
		Debug|Any CPU = Debug|Any CPU
		Release|Any CPU = Release|Any CPU
	EndGlobalSection
	GlobalSection(ProjectConfigurationPlatforms) = postSolution
		{906B22C0-3798-4B68-AA0C-9D10412E21B8}.Debug|Any CPU.ActiveCfg = Debug|Any CPU
		{906B22C0-3798-4B68-AA0C-9D10412E21B8}.Debug|Any CPU.Build.0 = Debug|Any CPU
		{906B22C0-3798-4B68-AA0C-9D10412E21B8}.Release|Any CPU.ActiveCfg = Release|Any CPU
		{906B22C0-3798-4B68-AA0C-9D10412E21B8}.Release|Any CPU.Build.0 = Release|Any CPU
	EndGlobalSection
	GlobalSection(SolutionProperties) = preSolution
		HideSolutionNode = FALSE
	EndGlobalSection
	GlobalSection(ExtensibilityGlobals) = postSolution
		SolutionGuid = {255ACC9A-75B3-41C4-8259-9E88437E4CC3}
	EndGlobalSection
EndGlobal
