
Microsoft Visual Studio Solution File, Format Version 12.00
# Visual Studio Version 17
VisualStudioVersion = 17.4.33213.308
MinimumVisualStudioVersion = 10.0.40219.1
Project("{FAE04EC0-301F-11D3-BF4B-00C04F79EFBC}") = "MongoDBRepetition", "MongoDBRepetition\MongoDBRepetition.csproj", "{8CE26FD1-51BD-4BED-8DDE-32649DF5A399}"
EndProject
Global
	GlobalSection(SolutionConfigurationPlatforms) = preSolution
		Debug|Any CPU = Debug|Any CPU
		Release|Any CPU = Release|Any CPU
	EndGlobalSection
	GlobalSection(ProjectConfigurationPlatforms) = postSolution
		{8CE26FD1-51BD-4BED-8DDE-32649DF5A399}.Debug|Any CPU.ActiveCfg = Debug|Any CPU
		{8CE26FD1-51BD-4BED-8DDE-32649DF5A399}.Debug|Any CPU.Build.0 = Debug|Any CPU
		{8CE26FD1-51BD-4BED-8DDE-32649DF5A399}.Release|Any CPU.ActiveCfg = Release|Any CPU
		{8CE26FD1-51BD-4BED-8DDE-32649DF5A399}.Release|Any CPU.Build.0 = Release|Any CPU
	EndGlobalSection
	GlobalSection(SolutionProperties) = preSolution
		HideSolutionNode = FALSE
	EndGlobalSection
	GlobalSection(ExtensibilityGlobals) = postSolution
		SolutionGuid = {9D5F4220-DA93-4D10-961F-A617F3FFB057}
	EndGlobalSection
EndGlobal
