
Microsoft Visual Studio Solution File, Format Version 12.00
# Visual Studio Version 17
VisualStudioVersion = 17.3.32901.215
MinimumVisualStudioVersion = 10.0.40219.1
Project("{FAE04EC0-301F-11D3-BF4B-00C04F79EFBC}") = "StringRepetition", "StringRepetition\StringRepetition.csproj", "{BA40E225-3DF0-45C8-8DFA-FDDF77D2CAA2}"
EndProject
Global
	GlobalSection(SolutionConfigurationPlatforms) = preSolution
		Debug|Any CPU = Debug|Any CPU
		Release|Any CPU = Release|Any CPU
	EndGlobalSection
	GlobalSection(ProjectConfigurationPlatforms) = postSolution
		{BA40E225-3DF0-45C8-8DFA-FDDF77D2CAA2}.Debug|Any CPU.ActiveCfg = Debug|Any CPU
		{BA40E225-3DF0-45C8-8DFA-FDDF77D2CAA2}.Debug|Any CPU.Build.0 = Debug|Any CPU
		{BA40E225-3DF0-45C8-8DFA-FDDF77D2CAA2}.Release|Any CPU.ActiveCfg = Release|Any CPU
		{BA40E225-3DF0-45C8-8DFA-FDDF77D2CAA2}.Release|Any CPU.Build.0 = Release|Any CPU
	EndGlobalSection
	GlobalSection(SolutionProperties) = preSolution
		HideSolutionNode = FALSE
	EndGlobalSection
	GlobalSection(ExtensibilityGlobals) = postSolution
		SolutionGuid = {4AAC5410-6E00-495B-8DA5-D85237DB4856}
	EndGlobalSection
EndGlobal
