
Microsoft Visual Studio Solution File, Format Version 12.00
# Visual Studio Version 17
VisualStudioVersion = 17.3.32825.248
MinimumVisualStudioVersion = 10.0.40219.1
Project("{FAE04EC0-301F-11D3-BF4B-00C04F79EFBC}") = "WebApplication3", "WebApplication3\WebApplication3.csproj", "{6B0DB63F-D9E1-4611-9D49-87954FC3B22D}"
EndProject
Global
	GlobalSection(SolutionConfigurationPlatforms) = preSolution
		Debug|Any CPU = Debug|Any CPU
		Release|Any CPU = Release|Any CPU
	EndGlobalSection
	GlobalSection(ProjectConfigurationPlatforms) = postSolution
		{6B0DB63F-D9E1-4611-9D49-87954FC3B22D}.Debug|Any CPU.ActiveCfg = Debug|Any CPU
		{6B0DB63F-D9E1-4611-9D49-87954FC3B22D}.Debug|Any CPU.Build.0 = Debug|Any CPU
		{6B0DB63F-D9E1-4611-9D49-87954FC3B22D}.Release|Any CPU.ActiveCfg = Release|Any CPU
		{6B0DB63F-D9E1-4611-9D49-87954FC3B22D}.Release|Any CPU.Build.0 = Release|Any CPU
	EndGlobalSection
	GlobalSection(SolutionProperties) = preSolution
		HideSolutionNode = FALSE
	EndGlobalSection
	GlobalSection(ExtensibilityGlobals) = postSolution
		SolutionGuid = {FCF63B18-B231-4AC7-9F8D-FAF1EA7A76D7}
	EndGlobalSection
EndGlobal
