
Microsoft Visual Studio Solution File, Format Version 12.00
# Visual Studio Version 17
VisualStudioVersion = 17.3.32929.385
MinimumVisualStudioVersion = 10.0.40219.1
Project("{FAE04EC0-301F-11D3-BF4B-00C04F79EFBC}") = "MyPrettyLittleMonster", "MyPrettyLittleMonster\MyPrettyLittleMonster.csproj", "{E2D1F56F-DEDC-418D-AE24-3ED9A526AF19}"
EndProject
Global
	GlobalSection(SolutionConfigurationPlatforms) = preSolution
		Debug|Any CPU = Debug|Any CPU
		Release|Any CPU = Release|Any CPU
	EndGlobalSection
	GlobalSection(ProjectConfigurationPlatforms) = postSolution
		{E2D1F56F-DEDC-418D-AE24-3ED9A526AF19}.Debug|Any CPU.ActiveCfg = Debug|Any CPU
		{E2D1F56F-DEDC-418D-AE24-3ED9A526AF19}.Debug|Any CPU.Build.0 = Debug|Any CPU
		{E2D1F56F-DEDC-418D-AE24-3ED9A526AF19}.Release|Any CPU.ActiveCfg = Release|Any CPU
		{E2D1F56F-DEDC-418D-AE24-3ED9A526AF19}.Release|Any CPU.Build.0 = Release|Any CPU
	EndGlobalSection
	GlobalSection(SolutionProperties) = preSolution
		HideSolutionNode = FALSE
	EndGlobalSection
	GlobalSection(ExtensibilityGlobals) = postSolution
		SolutionGuid = {C7773853-8D31-41A4-B84B-03823BD4B6F3}
	EndGlobalSection
EndGlobal
