
Microsoft Visual Studio Solution File, Format Version 12.00
# Visual Studio Version 17
VisualStudioVersion = 17.3.32901.215
MinimumVisualStudioVersion = 10.0.40219.1
Project("{FAE04EC0-301F-11D3-BF4B-00C04F79EFBC}") = "FortunaDemo", "FortunaDemo\FortunaDemo.csproj", "{F9CC78C5-AED3-44B0-AD9C-C70186C01DF8}"
EndProject
Global
	GlobalSection(SolutionConfigurationPlatforms) = preSolution
		Debug|Any CPU = Debug|Any CPU
		Release|Any CPU = Release|Any CPU
	EndGlobalSection
	GlobalSection(ProjectConfigurationPlatforms) = postSolution
		{F9CC78C5-AED3-44B0-AD9C-C70186C01DF8}.Debug|Any CPU.ActiveCfg = Debug|Any CPU
		{F9CC78C5-AED3-44B0-AD9C-C70186C01DF8}.Debug|Any CPU.Build.0 = Debug|Any CPU
		{F9CC78C5-AED3-44B0-AD9C-C70186C01DF8}.Release|Any CPU.ActiveCfg = Release|Any CPU
		{F9CC78C5-AED3-44B0-AD9C-C70186C01DF8}.Release|Any CPU.Build.0 = Release|Any CPU
	EndGlobalSection
	GlobalSection(SolutionProperties) = preSolution
		HideSolutionNode = FALSE
	EndGlobalSection
	GlobalSection(ExtensibilityGlobals) = postSolution
		SolutionGuid = {F33A431B-E870-405A-B386-28CFD120BBD0}
	EndGlobalSection
EndGlobal
