
Microsoft Visual Studio Solution File, Format Version 12.00
# Visual Studio Version 17
VisualStudioVersion = 17.3.32922.545
MinimumVisualStudioVersion = 10.0.40219.1
Project("{9A19103F-16F7-4668-BE54-9A1E7A4F7556}") = "ClassPersonList", "ClassPersonList\ClassPersonList.csproj", "{B9CC8F2B-8E15-4480-AEE8-A0D5BC9347BF}"
EndProject
Project("{FAE04EC0-301F-11D3-BF4B-00C04F79EFBC}") = "ExtraProjekt", "ExtraProjekt\ExtraProjekt.csproj", "{154CFCC7-3786-453E-85F1-4EBBDF2E8809}"
EndProject
Project("{2150E333-8FDC-42A3-9474-1A3956D46DE8}") = "Solution Items", "Solution Items", "{544DBA98-455C-4AC4-A5E9-937C1EE5B072}"
	ProjectSection(SolutionItems) = preProject
		TextFile1.txt = TextFile1.txt
	EndProjectSection
EndProject
Global
	GlobalSection(SolutionConfigurationPlatforms) = preSolution
		Debug|Any CPU = Debug|Any CPU
		Release|Any CPU = Release|Any CPU
	EndGlobalSection
	GlobalSection(ProjectConfigurationPlatforms) = postSolution
		{B9CC8F2B-8E15-4480-AEE8-A0D5BC9347BF}.Debug|Any CPU.ActiveCfg = Debug|Any CPU
		{B9CC8F2B-8E15-4480-AEE8-A0D5BC9347BF}.Debug|Any CPU.Build.0 = Debug|Any CPU
		{B9CC8F2B-8E15-4480-AEE8-A0D5BC9347BF}.Release|Any CPU.ActiveCfg = Release|Any CPU
		{B9CC8F2B-8E15-4480-AEE8-A0D5BC9347BF}.Release|Any CPU.Build.0 = Release|Any CPU
		{154CFCC7-3786-453E-85F1-4EBBDF2E8809}.Debug|Any CPU.ActiveCfg = Debug|Any CPU
		{154CFCC7-3786-453E-85F1-4EBBDF2E8809}.Debug|Any CPU.Build.0 = Debug|Any CPU
		{154CFCC7-3786-453E-85F1-4EBBDF2E8809}.Release|Any CPU.ActiveCfg = Release|Any CPU
		{154CFCC7-3786-453E-85F1-4EBBDF2E8809}.Release|Any CPU.Build.0 = Release|Any CPU
	EndGlobalSection
	GlobalSection(SolutionProperties) = preSolution
		HideSolutionNode = FALSE
	EndGlobalSection
	GlobalSection(ExtensibilityGlobals) = postSolution
		SolutionGuid = {B039BB33-4741-429E-8170-58AC76FA8EE1}
	EndGlobalSection
EndGlobal
