
Microsoft Visual Studio Solution File, Format Version 12.00
# Visual Studio Version 17
VisualStudioVersion = 17.3.32825.248
MinimumVisualStudioVersion = 10.0.40219.1
Project("{FAE04EC0-301F-11D3-BF4B-00C04F79EFBC}") = "ArraysLive", "ArraysLive\ArraysLive.csproj", "{19B7F0B7-7E48-4175-B1C4-33A345C629BA}"
EndProject
Global
	GlobalSection(SolutionConfigurationPlatforms) = preSolution
		Debug|Any CPU = Debug|Any CPU
		Release|Any CPU = Release|Any CPU
	EndGlobalSection
	GlobalSection(ProjectConfigurationPlatforms) = postSolution
		{19B7F0B7-7E48-4175-B1C4-33A345C629BA}.Debug|Any CPU.ActiveCfg = Debug|Any CPU
		{19B7F0B7-7E48-4175-B1C4-33A345C629BA}.Debug|Any CPU.Build.0 = Debug|Any CPU
		{19B7F0B7-7E48-4175-B1C4-33A345C629BA}.Release|Any CPU.ActiveCfg = Release|Any CPU
		{19B7F0B7-7E48-4175-B1C4-33A345C629BA}.Release|Any CPU.Build.0 = Release|Any CPU
	EndGlobalSection
	GlobalSection(SolutionProperties) = preSolution
		HideSolutionNode = FALSE
	EndGlobalSection
	GlobalSection(ExtensibilityGlobals) = postSolution
		SolutionGuid = {3D0B74A1-1F6A-40BD-AC8E-C6CF613705ED}
	EndGlobalSection
EndGlobal
