
Microsoft Visual Studio Solution File, Format Version 12.00
# Visual Studio Version 17
VisualStudioVersion = 17.3.32922.545
MinimumVisualStudioVersion = 10.0.40219.1
Project("{FAE04EC0-301F-11D3-BF4B-00C04F79EFBC}") = "ByRefByVal", "ByRefByVal\ByRefByVal.csproj", "{5AB6E82D-9198-473F-90B7-76FAC54F13AD}"
EndProject
Global
	GlobalSection(SolutionConfigurationPlatforms) = preSolution
		Debug|Any CPU = Debug|Any CPU
		Release|Any CPU = Release|Any CPU
	EndGlobalSection
	GlobalSection(ProjectConfigurationPlatforms) = postSolution
		{5AB6E82D-9198-473F-90B7-76FAC54F13AD}.Debug|Any CPU.ActiveCfg = Debug|Any CPU
		{5AB6E82D-9198-473F-90B7-76FAC54F13AD}.Debug|Any CPU.Build.0 = Debug|Any CPU
		{5AB6E82D-9198-473F-90B7-76FAC54F13AD}.Release|Any CPU.ActiveCfg = Release|Any CPU
		{5AB6E82D-9198-473F-90B7-76FAC54F13AD}.Release|Any CPU.Build.0 = Release|Any CPU
	EndGlobalSection
	GlobalSection(SolutionProperties) = preSolution
		HideSolutionNode = FALSE
	EndGlobalSection
	GlobalSection(ExtensibilityGlobals) = postSolution
		SolutionGuid = {27D9EC24-74F7-4789-A574-D7EA6225FAC7}
	EndGlobalSection
EndGlobal
